<?xml version="1.0" encoding="utf-8"?>
<Project ToolsVersion="4.0" xmlns="http://schemas.microsoft.com/developer/msbuild/2003">
  <ItemGroup>
    <Filter Include="Исходные файлы">
      <UniqueIdentifier>{4FC737F1-C7A5-4376-A066-2A32D752A2FF}</UniqueIdentifier>
      <Extensions>cpp;c;cc;cxx;c++;cppm;ixx;def;odl;idl;hpj;bat;asm;asmx</Extensions>
    </Filter>
    <Filter Include="Файлы заголовков">
      <UniqueIdentifier>{93995380-89BD-4b04-88EB-625FBE52EBFB}</UniqueIdentifier>
      <Extensions>h;hh;hpp;hxx;h++;hm;inl;inc;ipp;xsd</Extensions>
    </Filter>
    <Filter Include="Файлы ресурсов">
      <UniqueIdentifier>{67DA6AB6-F800-4c08-8B7A-83BB121AAD01}</UniqueIdentifier>
      <Extensions>rc;ico;cur;bmp;dlg;rc2;rct;bin;rgs;gif;jpg;jpeg;jpe;resx;tiff;tif;png;wav;mfcribbon-ms</Extensions>
    </Filter>
    <Filter Include="StdLib">
      <UniqueIdentifier>{f0bc1b13-d7eb-4296-8aa3-f5d57970e25c}</UniqueIdentifier>
    </Filter>
    <Filter Include="Output">
      <UniqueIdentifier>{a73e6651-6161-4808-b3b3-f394850a18b2}</UniqueIdentifier>
    </Filter>
    <Filter Include="UserInput">
      <UniqueIdentifier>{482dfa6d-ee94-42fa-a95e-b85b520bd5a0}</UniqueIdentifier>
    </Filter>
  </ItemGroup>
  <ItemGroup>
    <None Include="packages.config" />
    <None Include="..\Nix_LabN1\src\custom_lang.tokens" />
    <None Include="ast.dgml" />
    <None Include="CallGraph\output.dgml" />
    <None Include="..\StdLib\iostream.asm">
      <Filter>StdLib</Filter>
    </None>
    <None Include="program.asm">
      <Filter>Output</Filter>
    </None>
    <None Include="convert.asm">
      <Filter>Исходные файлы</Filter>
    </None>
    <None Include="..\stdlib\convert.asm">
      <Filter>StdLib</Filter>
    </None>
  </ItemGroup>
  <ItemGroup>
    <ClInclude Include="..\Nix_LabN1\src\custom_langParser.h">
      <Filter>Файлы заголовков</Filter>
    </ClInclude>
    <ClInclude Include="..\Nix_LabN1\src\myParser.h">
      <Filter>Файлы заголовков</Filter>
    </ClInclude>
    <ClInclude Include="..\Nix_LabN1\src\Array.h">
      <Filter>Файлы заголовков</Filter>
    </ClInclude>
    <ClInclude Include="..\Nix_LabN1\src\ast.h">
      <Filter>Файлы заголовков</Filter>
    </ClInclude>
    <ClInclude Include="..\Nix_LabN1\src\custom_langLexer.h">
      <Filter>Файлы заголовков</Filter>
    </ClInclude>
    <ClInclude Include="..\Nix_LabN1\src\cfg.h">
      <Filter>Файлы заголовков</Filter>
    </ClInclude>
    <ClInclude Include="..\Nix_LabN1\src\ProgramUnit.h">
      <Filter>Файлы заголовков</Filter>
    </ClInclude>
    <ClInclude Include="..\Nix_LabN1\src\SourceFile.h">
      <Filter>Файлы заголовков</Filter>
    </ClInclude>
    <ClInclude Include="..\Nix_LabN1\src\FlowGraphBuilder.h">
      <Filter>Файлы заголовков</Filter>
    </ClInclude>
    <ClInclude Include="..\Nix_LabN1\src\ValueType.h">
      <Filter>Файлы заголовков</Filter>
    </ClInclude>
    <ClInclude Include="..\Nix_LabN1\src\ControlFlowCompiler.h">
      <Filter>Файлы заголовков</Filter>
    </ClInclude>
    <ClInclude Include="..\Nix_LabN1\src\CallGraph.h">
      <Filter>Файлы заголовков</Filter>
    </ClInclude>
    <ClInclude Include="..\Nix_LabN1\src\Instruction.h">
      <Filter>Файлы заголовков</Filter>
    </ClInclude>
    <ClInclude Include="..\Nix_LabN1\src\SymbolTable.h">
      <Filter>Файлы заголовков</Filter>
    </ClInclude>
    <ClInclude Include="..\Nix_LabN1\src\Variable.h">
      <Filter>Файлы заголовков</Filter>
    </ClInclude>
    <ClInclude Include="..\Nix_LabN1\src\Module.h">
      <Filter>Файлы заголовков</Filter>
    </ClInclude>
    <ClInclude Include="..\Nix_LabN1\src\CodeGenerator.h">
      <Filter>Файлы заголовков</Filter>
    </ClInclude>
    <ClInclude Include="..\Nix_LabN1\src\StringPool.h">
      <Filter>Файлы заголовков</Filter>
    </ClInclude>
    <ClInclude Include="..\Nix_LabN1\src\ErrorCollector.h">
      <Filter>Файлы заголовков</Filter>
    </ClInclude>
    <ClInclude Include="..\Nix_LabN1\src\BuiltInFunc.h">
      <Filter>Файлы заголовков</Filter>
    </ClInclude>
  </ItemGroup>
  <ItemGroup>
    <ClCompile Include="..\Nix_LabN1\src\main.c">
      <Filter>Исходные файлы</Filter>
    </ClCompile>
    <ClCompile Include="..\Nix_LabN1\src\myParser.c">
      <Filter>Исходные файлы</Filter>
    </ClCompile>
    <ClCompile Include="..\Nix_LabN1\src\Array.c">
      <Filter>Исходные файлы</Filter>
    </ClCompile>
    <ClCompile Include="..\Nix_LabN1\src\ast.c">
      <Filter>Исходные файлы</Filter>
    </ClCompile>
    <ClCompile Include="..\Nix_LabN1\src\custom_langLexer.c">
      <Filter>Исходные файлы</Filter>
    </ClCompile>
    <ClCompile Include="..\Nix_LabN1\src\custom_langParser.c">
      <Filter>Исходные файлы</Filter>
    </ClCompile>
    <ClCompile Include="..\Nix_LabN1\src\ProgramUnit.c">
      <Filter>Исходные файлы</Filter>
    </ClCompile>
    <ClCompile Include="..\Nix_LabN1\src\SourceFile.c">
      <Filter>Исходные файлы</Filter>
    </ClCompile>
    <ClCompile Include="..\Nix_LabN1\src\FlowGraphBuilder.c">
      <Filter>Исходные файлы</Filter>
    </ClCompile>
    <ClCompile Include="..\Nix_LabN1\src\cfg.c">
      <Filter>Исходные файлы</Filter>
    </ClCompile>
    <ClCompile Include="..\Nix_LabN1\src\ValueType.c">
      <Filter>Исходные файлы</Filter>
    </ClCompile>
    <ClCompile Include="..\Nix_LabN1\src\ControlFlowCompiler.c">
      <Filter>Исходные файлы</Filter>
    </ClCompile>
    <ClCompile Include="..\Nix_LabN1\src\CallGraph.c">
      <Filter>Исходные файлы</Filter>
    </ClCompile>
    <ClCompile Include="..\Nix_LabN1\src\Instruction.c">
      <Filter>Исходные файлы</Filter>
    </ClCompile>
    <ClCompile Include="..\Nix_LabN1\src\SymbolTable.c">
      <Filter>Исходные файлы</Filter>
    </ClCompile>
    <ClCompile Include="..\Nix_LabN1\src\Variable.c">
      <Filter>Исходные файлы</Filter>
    </ClCompile>
    <ClCompile Include="..\Nix_LabN1\src\Module.c">
      <Filter>Исходные файлы</Filter>
    </ClCompile>
    <ClCompile Include="..\Nix_LabN1\src\CodeGenerator.c">
      <Filter>Исходные файлы</Filter>
    </ClCompile>
    <ClCompile Include="..\Nix_LabN1\src\StringPool.c">
      <Filter>Исходные файлы</Filter>
    </ClCompile>
    <ClCompile Include="..\Nix_LabN1\src\ErrorCollector.c">
      <Filter>Исходные файлы</Filter>
    </ClCompile>
    <ClCompile Include="..\Nix_LabN1\src\BuiltInFunc.c">
      <Filter>Исходные файлы</Filter>
    </ClCompile>
  </ItemGroup>
  <ItemGroup>
    <Text Include="..\user\src\73gmcz2w.txt">
      <Filter>UserInput</Filter>
    </Text>
    <Text Include="..\user\src\input.txt">
      <Filter>UserInput</Filter>
    </Text>
    <Text Include="..\user\src\input2.txt">
      <Filter>UserInput</Filter>
    </Text>
    <Text Include="..\user\src\input3.txt">
      <Filter>UserInput</Filter>
    </Text>
  </ItemGroup>
</Project>